
Microsoft Visual Studio Solution File, Format Version 12.00
# Visual Studio 2013
VisualStudioVersion = 12.0.40629.0
MinimumVisualStudioVersion = 10.0.40219.1
Project("{FAE04EC0-301F-11D3-BF4B-00C04F79EFBC}") = "SSPWebUI", "SSPWebUI.csproj", "{014B5529-C8E1-4C14-B7C0-F5C6240770A4}"
EndProject
Project("{FAE04EC0-301F-11D3-BF4B-00C04F79EFBC}") = "DataModel", "..\DataModel\DataModel.csproj", "{62F2C41B-7063-46DE-BB31-6E11C99BC0B8}"
EndProject
Project("{2150E333-8FDC-42A3-9474-1A3956D46DE8}") = ".nuget", ".nuget", "{FFA16ED9-2022-4261-9488-3D2F147370F0}"
EndProject
Global
	GlobalSection(SolutionConfigurationPlatforms) = preSolution
		Debug|Any CPU = Debug|Any CPU
		Release|Any CPU = Release|Any CPU
	EndGlobalSection
	GlobalSection(ProjectConfigurationPlatforms) = postSolution
		{014B5529-C8E1-4C14-B7C0-F5C6240770A4}.Debug|Any CPU.ActiveCfg = Debug|Any CPU
		{014B5529-C8E1-4C14-B7C0-F5C6240770A4}.Debug|Any CPU.Build.0 = Debug|Any CPU
		{014B5529-C8E1-4C14-B7C0-F5C6240770A4}.Release|Any CPU.ActiveCfg = Release|Any CPU
		{014B5529-C8E1-4C14-B7C0-F5C6240770A4}.Release|Any CPU.Build.0 = Release|Any CPU
		{62F2C41B-7063-46DE-BB31-6E11C99BC0B8}.Debug|Any CPU.ActiveCfg = Debug|Any CPU
		{62F2C41B-7063-46DE-BB31-6E11C99BC0B8}.Debug|Any CPU.Build.0 = Debug|Any CPU
		{62F2C41B-7063-46DE-BB31-6E11C99BC0B8}.Release|Any CPU.ActiveCfg = Release|Any CPU
		{62F2C41B-7063-46DE-BB31-6E11C99BC0B8}.Release|Any CPU.Build.0 = Release|Any CPU
	EndGlobalSection
	GlobalSection(SolutionProperties) = preSolution
		HideSolutionNode = FALSE
	EndGlobalSection
EndGlobal
